// !$*UTF8*$!
{
	archiveVersion = 1;
	classes = {
	};
	objectVersion = 55;
	objects = {

/* Begin PBXBuildFile section */
		7B2F1ACB1F6CED398F46148F /* Pods_Delay_Test.framework in Frameworks */ = {isa = PBXBuildFile; fileRef = 05FA40D3E23EF4AA092EA443 /* Pods_Delay_Test.framework */; };
		DC0074A12773215500134077 /* DurationStaticsticsSwiftUIView.swift in Sources */ = {isa = PBXBuildFile; fileRef = DC0074A02773215500134077 /* DurationStaticsticsSwiftUIView.swift */; };
		DC0074A427738D1600134077 /* Localizable.stringsdict in Resources */ = {isa = PBXBuildFile; fileRef = DC0074A627738D1600134077 /* Localizable.stringsdict */; };
		DC0074AA277395C500134077 /* URLSession+Extension.swift in Sources */ = {isa = PBXBuildFile; fileRef = DC0074A9277395C500134077 /* URLSession+Extension.swift */; };
		DC0F02822789FDB4001E33CB /* Chinese24Jieqi in Frameworks */ = {isa = PBXBuildFile; productRef = DC0F02812789FDB4001E33CB /* Chinese24Jieqi */; };
		DC1834A9276FB1B500D906BC /* Delay_TestApp.swift in Sources */ = {isa = PBXBuildFile; fileRef = DC1834A8276FB1B500D906BC /* Delay_TestApp.swift */; };
		DC1834AB276FB1B500D906BC /* ContentView.swift in Sources */ = {isa = PBXBuildFile; fileRef = DC1834AA276FB1B500D906BC /* ContentView.swift */; };
		DC1834AD276FB1B700D906BC /* Assets.xcassets in Resources */ = {isa = PBXBuildFile; fileRef = DC1834AC276FB1B700D906BC /* Assets.xcassets */; };
		DC1834B0276FB1B700D906BC /* Preview Assets.xcassets in Resources */ = {isa = PBXBuildFile; fileRef = DC1834AF276FB1B700D906BC /* Preview Assets.xcassets */; };
		DC23D8B5277E6518000CF701 /* NSWindowDelegate.swift in Sources */ = {isa = PBXBuildFile; fileRef = DC23D8B4277E6518000CF701 /* NSWindowDelegate.swift */; };
		DC2CCA6B2772ADCF00558B4F /* FrequencyStatisticItemSwiftUIView.swift in Sources */ = {isa = PBXBuildFile; fileRef = DC2CCA6A2772ADCF00558B4F /* FrequencyStatisticItemSwiftUIView.swift */; };
		DC2CCA6D2772ADE100558B4F /* Model.swift in Sources */ = {isa = PBXBuildFile; fileRef = DC2CCA6C2772ADE100558B4F /* Model.swift */; };
		DC8DF2C4277C7F4F00D2F4F3 /* AppDelegate.swift in Sources */ = {isa = PBXBuildFile; fileRef = DC8DF2C3277C7F4F00D2F4F3 /* AppDelegate.swift */; };
		DC8DF2C6277C7F4F00D2F4F3 /* ViewController.swift in Sources */ = {isa = PBXBuildFile; fileRef = DC8DF2C5277C7F4F00D2F4F3 /* ViewController.swift */; };
		DC8DF2C8277C7F5100D2F4F3 /* Assets.xcassets in Resources */ = {isa = PBXBuildFile; fileRef = DC8DF2C7277C7F5100D2F4F3 /* Assets.xcassets */; };
		DC8DF2CB277C7F5100D2F4F3 /* Main.storyboard in Resources */ = {isa = PBXBuildFile; fileRef = DC8DF2C9277C7F5100D2F4F3 /* Main.storyboard */; };
		DC8DF2D3277DC4FB00D2F4F3 /* Defaults in Frameworks */ = {isa = PBXBuildFile; productRef = DC8DF2D2277DC4FB00D2F4F3 /* Defaults */; };
		DC8DF2D5277DC62E00D2F4F3 /* SharedDefaults.swift in Sources */ = {isa = PBXBuildFile; fileRef = DC8DF2D4277DC62E00D2F4F3 /* SharedDefaults.swift */; };
		DC8DF2D6277DC66400D2F4F3 /* SharedDefaults.swift in Sources */ = {isa = PBXBuildFile; fileRef = DC8DF2D4277DC62E00D2F4F3 /* SharedDefaults.swift */; };
		DC8DF2D8277E04BD00D2F4F3 /* ServiceManagement.framework in Frameworks */ = {isa = PBXBuildFile; fileRef = DC8DF2D7277E04BD00D2F4F3 /* ServiceManagement.framework */; platformFilter = maccatalyst; };
		DC8DF2DA277E053D00D2F4F3 /* Delay Test Launcher.app in CopyFiles */ = {isa = PBXBuildFile; fileRef = DC8DF2C1277C7F4F00D2F4F3 /* Delay Test Launcher.app */; settings = {ATTRIBUTES = (RemoveHeadersOnCopy, ); }; };
		DC94B04D2777C07E00BEE246 /* Preferences in Frameworks */ = {isa = PBXBuildFile; productRef = DC94B04C2777C07E00BEE246 /* Preferences */; };
		DC94B04F2777C0C700BEE246 /* GeneralSettingsView.swift in Sources */ = {isa = PBXBuildFile; fileRef = DC94B04E2777C0C700BEE246 /* GeneralSettingsView.swift */; };
		DCA1518E2778E0E400E2F1C6 /* StatusBarSettingView.swift in Sources */ = {isa = PBXBuildFile; fileRef = DCA1518D2778E0E400E2F1C6 /* StatusBarSettingView.swift */; };
		DCA151912779975A00E2F1C6 /* Defaults in Frameworks */ = {isa = PBXBuildFile; productRef = DCA151902779975A00E2F1C6 /* Defaults */; };
		DCA1519327799DEB00E2F1C6 /* DefaultsKeys.swift in Sources */ = {isa = PBXBuildFile; fileRef = DCA1519227799DEB00E2F1C6 /* DefaultsKeys.swift */; };
		DCA34A8B27739FC500E1F1A3 /* Localizable.strings in Resources */ = {isa = PBXBuildFile; fileRef = DCA34A8D27739FC500E1F1A3 /* Localizable.strings */; };
		DCA34A912773A0CC00E1F1A3 /* Delay Test-InfoPlist.strings in Resources */ = {isa = PBXBuildFile; fileRef = DCA34A932773A0CC00E1F1A3 /* Delay Test-InfoPlist.strings */; };
		DCA34A972773A32E00E1F1A3 /* MyAppStore in Frameworks */ = {isa = PBXBuildFile; productRef = DCA34A962773A32E00E1F1A3 /* MyAppStore */; };
		DCA34AA12773A43C00E1F1A3 /* Support.storyboard in Resources */ = {isa = PBXBuildFile; fileRef = DCA34AA02773A43C00E1F1A3 /* Support.storyboard */; };
		DCA62035278A168200A7343E /* Chinese24Jieqi in Frameworks */ = {isa = PBXBuildFile; productRef = DCA62034278A168200A7343E /* Chinese24Jieqi */; };
		DCAD4A4527D55CE50013EAE5 /* MyHost in Frameworks */ = {isa = PBXBuildFile; productRef = DCAD4A4427D55CE50013EAE5 /* MyHost */; };
		DCCD4BCB277ADE1300F5EFF5 /* Service.swift in Sources */ = {isa = PBXBuildFile; fileRef = DCCD4BCA277ADE1300F5EFF5 /* Service.swift */; };
		DCD6A9B027826CBF00F1C872 /* Delay-Test-Launcher-InfoPlist.strings in Resources */ = {isa = PBXBuildFile; fileRef = DCD6A9AE27826CBF00F1C872 /* Delay-Test-Launcher-InfoPlist.strings */; };
		DCDA4B512773BB7D001BB069 /* MouseRightClickView.swift in Sources */ = {isa = PBXBuildFile; fileRef = DCDA4B502773BB7D001BB069 /* MouseRightClickView.swift */; };
/* End PBXBuildFile section */

/* Begin PBXCopyFilesBuildPhase section */
		DC8DF2D9277E04F300D2F4F3 /* CopyFiles */ = {
			isa = PBXCopyFilesBuildPhase;
			buildActionMask = 2147483647;
			dstPath = Contents/Library/LoginItems;
			dstSubfolderSpec = 1;
			files = (
				DC8DF2DA277E053D00D2F4F3 /* Delay Test Launcher.app in CopyFiles */,
			);
			runOnlyForDeploymentPostprocessing = 0;
		};
		DCF28C8E2784C0E4009604EB /* Embed Frameworks */ = {
			isa = PBXCopyFilesBuildPhase;
			buildActionMask = 2147483647;
			dstPath = "";
			dstSubfolderSpec = 10;
			files = (
			);
			name = "Embed Frameworks";
			runOnlyForDeploymentPostprocessing = 0;
		};
/* End PBXCopyFilesBuildPhase section */

/* Begin PBXFileReference section */
		05FA40D3E23EF4AA092EA443 /* Pods_Delay_Test.framework */ = {isa = PBXFileReference; explicitFileType = wrapper.framework; includeInIndex = 0; path = Pods_Delay_Test.framework; sourceTree = BUILT_PRODUCTS_DIR; };
		A200E25CEE696863C16F2FE7 /* Pods-Delay Test.release.xcconfig */ = {isa = PBXFileReference; includeInIndex = 1; lastKnownFileType = text.xcconfig; name = "Pods-Delay Test.release.xcconfig"; path = "Target Support Files/Pods-Delay Test/Pods-Delay Test.release.xcconfig"; sourceTree = "<group>"; };
		DC0074A02773215500134077 /* DurationStaticsticsSwiftUIView.swift */ = {isa = PBXFileReference; lastKnownFileType = sourcecode.swift; path = DurationStaticsticsSwiftUIView.swift; sourceTree = "<group>"; };
		DC0074A527738D1600134077 /* en */ = {isa = PBXFileReference; lastKnownFileType = text.plist.stringsdict; name = en; path = en.lproj/Localizable.stringsdict; sourceTree = "<group>"; };
		DC0074A9277395C500134077 /* URLSession+Extension.swift */ = {isa = PBXFileReference; lastKnownFileType = sourcecode.swift; path = "URLSession+Extension.swift"; sourceTree = "<group>"; };
		DC1834A5276FB1B500D906BC /* Delay Test.app */ = {isa = PBXFileReference; explicitFileType = wrapper.application; includeInIndex = 0; path = "Delay Test.app"; sourceTree = BUILT_PRODUCTS_DIR; };
		DC1834A8276FB1B500D906BC /* Delay_TestApp.swift */ = {isa = PBXFileReference; lastKnownFileType = sourcecode.swift; path = Delay_TestApp.swift; sourceTree = "<group>"; };
		DC1834AA276FB1B500D906BC /* ContentView.swift */ = {isa = PBXFileReference; lastKnownFileType = sourcecode.swift; path = ContentView.swift; sourceTree = "<group>"; };
		DC1834AC276FB1B700D906BC /* Assets.xcassets */ = {isa = PBXFileReference; lastKnownFileType = folder.assetcatalog; path = Assets.xcassets; sourceTree = "<group>"; };
		DC1834AF276FB1B700D906BC /* Preview Assets.xcassets */ = {isa = PBXFileReference; lastKnownFileType = folder.assetcatalog; path = "Preview Assets.xcassets"; sourceTree = "<group>"; };
		DC1834B1276FB1B700D906BC /* Delay_Test.entitlements */ = {isa = PBXFileReference; lastKnownFileType = text.plist.entitlements; path = Delay_Test.entitlements; sourceTree = "<group>"; };
		DC23D8B4277E6518000CF701 /* NSWindowDelegate.swift */ = {isa = PBXFileReference; lastKnownFileType = sourcecode.swift; path = NSWindowDelegate.swift; sourceTree = "<group>"; };
		DC2CCA6A2772ADCF00558B4F /* FrequencyStatisticItemSwiftUIView.swift */ = {isa = PBXFileReference; fileEncoding = 4; lastKnownFileType = sourcecode.swift; path = FrequencyStatisticItemSwiftUIView.swift; sourceTree = "<group>"; };
		DC2CCA6C2772ADE100558B4F /* Model.swift */ = {isa = PBXFileReference; fileEncoding = 4; lastKnownFileType = sourcecode.swift; path = Model.swift; sourceTree = "<group>"; };
		DC54A80927D68DA600193A4D /* XCTest.framework */ = {isa = PBXFileReference; lastKnownFileType = wrapper.framework; name = XCTest.framework; path = Platforms/MacOSX.platform/Developer/Library/Frameworks/XCTest.framework; sourceTree = DEVELOPER_DIR; };
		DC8DF2C1277C7F4F00D2F4F3 /* Delay Test Launcher.app */ = {isa = PBXFileReference; explicitFileType = wrapper.application; includeInIndex = 0; path = "Delay Test Launcher.app"; sourceTree = BUILT_PRODUCTS_DIR; };
		DC8DF2C3277C7F4F00D2F4F3 /* AppDelegate.swift */ = {isa = PBXFileReference; lastKnownFileType = sourcecode.swift; path = AppDelegate.swift; sourceTree = "<group>"; };
		DC8DF2C5277C7F4F00D2F4F3 /* ViewController.swift */ = {isa = PBXFileReference; lastKnownFileType = sourcecode.swift; path = ViewController.swift; sourceTree = "<group>"; };
		DC8DF2C7277C7F5100D2F4F3 /* Assets.xcassets */ = {isa = PBXFileReference; lastKnownFileType = folder.assetcatalog; path = Assets.xcassets; sourceTree = "<group>"; };
		DC8DF2CA277C7F5100D2F4F3 /* Base */ = {isa = PBXFileReference; lastKnownFileType = file.storyboard; name = Base; path = Base.lproj/Main.storyboard; sourceTree = "<group>"; };
		DC8DF2CC277C7F5100D2F4F3 /* Delay_Test_Launcher.entitlements */ = {isa = PBXFileReference; lastKnownFileType = text.plist.entitlements; path = Delay_Test_Launcher.entitlements; sourceTree = "<group>"; };
		DC8DF2D4277DC62E00D2F4F3 /* SharedDefaults.swift */ = {isa = PBXFileReference; lastKnownFileType = sourcecode.swift; path = SharedDefaults.swift; sourceTree = "<group>"; };
		DC8DF2D7277E04BD00D2F4F3 /* ServiceManagement.framework */ = {isa = PBXFileReference; lastKnownFileType = wrapper.framework; name = ServiceManagement.framework; path = System/Library/Frameworks/ServiceManagement.framework; sourceTree = SDKROOT; };
		DC8DF2DB277E059000D2F4F3 /* Delay-Test-Launcher-Info.plist */ = {isa = PBXFileReference; lastKnownFileType = text.plist; path = "Delay-Test-Launcher-Info.plist"; sourceTree = SOURCE_ROOT; };
		DC94B04E2777C0C700BEE246 /* GeneralSettingsView.swift */ = {isa = PBXFileReference; lastKnownFileType = sourcecode.swift; path = GeneralSettingsView.swift; sourceTree = "<group>"; };
		DCA1518D2778E0E400E2F1C6 /* StatusBarSettingView.swift */ = {isa = PBXFileReference; lastKnownFileType = sourcecode.swift; path = StatusBarSettingView.swift; sourceTree = "<group>"; };
		DCA1519227799DEB00E2F1C6 /* DefaultsKeys.swift */ = {isa = PBXFileReference; lastKnownFileType = sourcecode.swift; path = DefaultsKeys.swift; sourceTree = "<group>"; };
		DCA34A8C27739FC500E1F1A3 /* en */ = {isa = PBXFileReference; lastKnownFileType = text.plist.strings; name = en; path = en.lproj/Localizable.strings; sourceTree = "<group>"; };
		DCA34A922773A0CC00E1F1A3 /* en */ = {isa = PBXFileReference; lastKnownFileType = text.plist.strings; name = en; path = "en.lproj/Delay Test-InfoPlist.strings"; sourceTree = "<group>"; };
		DCA34AA02773A43C00E1F1A3 /* Support.storyboard */ = {isa = PBXFileReference; fileEncoding = 4; lastKnownFileType = file.storyboard; path = Support.storyboard; sourceTree = "<group>"; };
		DCCD4BCA277ADE1300F5EFF5 /* Service.swift */ = {isa = PBXFileReference; lastKnownFileType = sourcecode.swift; path = Service.swift; sourceTree = "<group>"; };
		DCD6A9AA27826CB200F1C872 /* zh-Hans */ = {isa = PBXFileReference; lastKnownFileType = text.plist.strings; name = "zh-Hans"; path = "zh-Hans.lproj/Main.strings"; sourceTree = "<group>"; };
		DCD6A9AB27826CB200F1C872 /* zh-Hans */ = {isa = PBXFileReference; lastKnownFileType = text.plist.strings; name = "zh-Hans"; path = "zh-Hans.lproj/Delay Test-InfoPlist.strings"; sourceTree = "<group>"; };
		DCD6A9AC27826CB200F1C872 /* zh-Hans */ = {isa = PBXFileReference; lastKnownFileType = text.plist.strings; name = "zh-Hans"; path = "zh-Hans.lproj/Localizable.strings"; sourceTree = "<group>"; };
		DCD6A9AD27826CB200F1C872 /* zh-Hans */ = {isa = PBXFileReference; lastKnownFileType = text.plist.stringsdict; name = "zh-Hans"; path = "zh-Hans.lproj/Localizable.stringsdict"; sourceTree = "<group>"; };
		DCD6A9AF27826CBF00F1C872 /* zh-Hans */ = {isa = PBXFileReference; lastKnownFileType = text.plist.strings; name = "zh-Hans"; path = "zh-Hans.lproj/Delay-Test-Launcher-InfoPlist.strings"; sourceTree = "<group>"; };
		DCDA4B502773BB7D001BB069 /* MouseRightClickView.swift */ = {isa = PBXFileReference; fileEncoding = 4; lastKnownFileType = sourcecode.swift; path = MouseRightClickView.swift; sourceTree = "<group>"; };
		FAC5E4280508DF8A4E928D6C /* Pods-Delay Test.debug.xcconfig */ = {isa = PBXFileReference; includeInIndex = 1; lastKnownFileType = text.xcconfig; name = "Pods-Delay Test.debug.xcconfig"; path = "Target Support Files/Pods-Delay Test/Pods-Delay Test.debug.xcconfig"; sourceTree = "<group>"; };
/* End PBXFileReference section */

/* Begin PBXFrameworksBuildPhase section */
		DC1834A2276FB1B500D906BC /* Frameworks */ = {
			isa = PBXFrameworksBuildPhase;
			buildActionMask = 2147483647;
			files = (
				DCAD4A4527D55CE50013EAE5 /* MyHost in Frameworks */,
				DCA151912779975A00E2F1C6 /* Defaults in Frameworks */,
				DCA34A972773A32E00E1F1A3 /* MyAppStore in Frameworks */,
				DCA62035278A168200A7343E /* Chinese24Jieqi in Frameworks */,
				DC8DF2D8277E04BD00D2F4F3 /* ServiceManagement.framework in Frameworks */,
				DC0F02822789FDB4001E33CB /* Chinese24Jieqi in Frameworks */,
				DC94B04D2777C07E00BEE246 /* Preferences in Frameworks */,
				7B2F1ACB1F6CED398F46148F /* Pods_Delay_Test.framework in Frameworks */,
			);
			runOnlyForDeploymentPostprocessing = 0;
		};
		DC8DF2BE277C7F4F00D2F4F3 /* Frameworks */ = {
			isa = PBXFrameworksBuildPhase;
			buildActionMask = 2147483647;
			files = (
				DC8DF2D3277DC4FB00D2F4F3 /* Defaults in Frameworks */,
			);
			runOnlyForDeploymentPostprocessing = 0;
		};
/* End PBXFrameworksBuildPhase section */

/* Begin PBXGroup section */
		91D05E4747337D71AE1A767F /* Frameworks */ = {
			isa = PBXGroup;
			children = (
				DC54A80927D68DA600193A4D /* XCTest.framework */,
				DC8DF2D7277E04BD00D2F4F3 /* ServiceManagement.framework */,
				05FA40D3E23EF4AA092EA443 /* Pods_Delay_Test.framework */,
			);
			name = Frameworks;
			sourceTree = "<group>";
		};
		B9AAAF6C782405CD062E5962 /* Pods */ = {
			isa = PBXGroup;
			children = (
				FAC5E4280508DF8A4E928D6C /* Pods-Delay Test.debug.xcconfig */,
				A200E25CEE696863C16F2FE7 /* Pods-Delay Test.release.xcconfig */,
			);
			path = Pods;
			sourceTree = "<group>";
		};
		DC18349C276FB1B500D906BC = {
			isa = PBXGroup;
			children = (
				DC1834A7276FB1B500D906BC /* Delay Test */,
				DC8DF2C2277C7F4F00D2F4F3 /* Delay Test Launcher */,
				DC1834A6276FB1B500D906BC /* Products */,
				B9AAAF6C782405CD062E5962 /* Pods */,
				91D05E4747337D71AE1A767F /* Frameworks */,
			);
			sourceTree = "<group>";
		};
		DC1834A6276FB1B500D906BC /* Products */ = {
			isa = PBXGroup;
			children = (
				DC1834A5276FB1B500D906BC /* Delay Test.app */,
				DC8DF2C1277C7F4F00D2F4F3 /* Delay Test Launcher.app */,
			);
			name = Products;
			sourceTree = "<group>";
		};
		DC1834A7276FB1B500D906BC /* Delay Test */ = {
			isa = PBXGroup;
			children = (
				DCA34AA02773A43C00E1F1A3 /* Support.storyboard */,
				DC1834A8276FB1B500D906BC /* Delay_TestApp.swift */,
				DCCD4BCD277AFCCF00F5EFF5 /* Service */,
				DCCD4BCE277AFCDE00F5EFF5 /* Views */,
				DCCD4BCF277AFD1900F5EFF5 /* Model */,
				DCCD4BCC277AFCB100F5EFF5 /* Preferences */,
				DC0074A9277395C500134077 /* URLSession+Extension.swift */,
				DC23D8B4277E6518000CF701 /* NSWindowDelegate.swift */,
				DCA34A932773A0CC00E1F1A3 /* Delay Test-InfoPlist.strings */,
				DCA34A8D27739FC500E1F1A3 /* Localizable.strings */,
				DC0074A627738D1600134077 /* Localizable.stringsdict */,
				DC1834AC276FB1B700D906BC /* Assets.xcassets */,
				DC1834B1276FB1B700D906BC /* Delay_Test.entitlements */,
				DC1834AE276FB1B700D906BC /* Preview Content */,
			);
			path = "Delay Test";
			sourceTree = "<group>";
		};
		DC1834AE276FB1B700D906BC /* Preview Content */ = {
			isa = PBXGroup;
			children = (
				DC1834AF276FB1B700D906BC /* Preview Assets.xcassets */,
			);
			path = "Preview Content";
			sourceTree = "<group>";
		};
		DC8DF2C2277C7F4F00D2F4F3 /* Delay Test Launcher */ = {
			isa = PBXGroup;
			children = (
				DC8DF2DB277E059000D2F4F3 /* Delay-Test-Launcher-Info.plist */,
				DCD6A9AE27826CBF00F1C872 /* Delay-Test-Launcher-InfoPlist.strings */,
				DC8DF2C3277C7F4F00D2F4F3 /* AppDelegate.swift */,
				DC8DF2C5277C7F4F00D2F4F3 /* ViewController.swift */,
				DC8DF2C7277C7F5100D2F4F3 /* Assets.xcassets */,
				DC8DF2C9277C7F5100D2F4F3 /* Main.storyboard */,
				DC8DF2CC277C7F5100D2F4F3 /* Delay_Test_Launcher.entitlements */,
			);
			path = "Delay Test Launcher";
			sourceTree = "<group>";
		};
		DCCD4BCC277AFCB100F5EFF5 /* Preferences */ = {
			isa = PBXGroup;
			children = (
				DCA1519227799DEB00E2F1C6 /* DefaultsKeys.swift */,
				DC8DF2D4277DC62E00D2F4F3 /* SharedDefaults.swift */,
				DC94B04E2777C0C700BEE246 /* GeneralSettingsView.swift */,
				DCA1518D2778E0E400E2F1C6 /* StatusBarSettingView.swift */,
			);
			path = Preferences;
			sourceTree = "<group>";
		};
		DCCD4BCD277AFCCF00F5EFF5 /* Service */ = {
			isa = PBXGroup;
			children = (
				DCCD4BCA277ADE1300F5EFF5 /* Service.swift */,
			);
			path = Service;
			sourceTree = "<group>";
		};
		DCCD4BCE277AFCDE00F5EFF5 /* Views */ = {
			isa = PBXGroup;
			children = (
				DCDA4B502773BB7D001BB069 /* MouseRightClickView.swift */,
				DC0074A02773215500134077 /* DurationStaticsticsSwiftUIView.swift */,
				DC2CCA6A2772ADCF00558B4F /* FrequencyStatisticItemSwiftUIView.swift */,
				DC1834AA276FB1B500D906BC /* ContentView.swift */,
			);
			path = Views;
			sourceTree = "<group>";
		};
		DCCD4BCF277AFD1900F5EFF5 /* Model */ = {
			isa = PBXGroup;
			children = (
				DC2CCA6C2772ADE100558B4F /* Model.swift */,
			);
			path = Model;
			sourceTree = "<group>";
		};
/* End PBXGroup section */

/* Begin PBXNativeTarget section */
		DC1834A4276FB1B500D906BC /* Delay Test */ = {
			isa = PBXNativeTarget;
			buildConfigurationList = DC1834B4276FB1B700D906BC /* Build configuration list for PBXNativeTarget "Delay Test" */;
			buildPhases = (
				7DD06ABFF2EDA60EBE2B5283 /* [CP] Check Pods Manifest.lock */,
				DC1834A1276FB1B500D906BC /* Sources */,
				DC1834A2276FB1B500D906BC /* Frameworks */,
				DC1834A3276FB1B500D906BC /* Resources */,
				DC8DF2D9277E04F300D2F4F3 /* CopyFiles */,
				DCF28C8E2784C0E4009604EB /* Embed Frameworks */,
				3328EEB6EBEE42A8E6107EBC /* [CP] Embed Pods Frameworks */,
			);
			buildRules = (
			);
			dependencies = (
			);
			name = "Delay Test";
			packageProductDependencies = (
				DCA34A962773A32E00E1F1A3 /* MyAppStore */,
				DC94B04C2777C07E00BEE246 /* Preferences */,
				DCA151902779975A00E2F1C6 /* Defaults */,
				DC0F02812789FDB4001E33CB /* Chinese24Jieqi */,
				DCA62034278A168200A7343E /* Chinese24Jieqi */,
				DCAD4A4427D55CE50013EAE5 /* MyHost */,
			);
			productName = "Delay Test";
			productReference = DC1834A5276FB1B500D906BC /* Delay Test.app */;
			productType = "com.apple.product-type.application";
		};
		DC8DF2C0277C7F4F00D2F4F3 /* Delay Test Launcher */ = {
			isa = PBXNativeTarget;
			buildConfigurationList = DC8DF2CF277C7F5100D2F4F3 /* Build configuration list for PBXNativeTarget "Delay Test Launcher" */;
			buildPhases = (
				DC8DF2BD277C7F4F00D2F4F3 /* Sources */,
				DC8DF2BE277C7F4F00D2F4F3 /* Frameworks */,
				DC8DF2BF277C7F4F00D2F4F3 /* Resources */,
			);
			buildRules = (
			);
			dependencies = (
			);
			name = "Delay Test Launcher";
			packageProductDependencies = (
				DC8DF2D2277DC4FB00D2F4F3 /* Defaults */,
			);
			productName = "Delay Test Launcher";
			productReference = DC8DF2C1277C7F4F00D2F4F3 /* Delay Test Launcher.app */;
			productType = "com.apple.product-type.application";
		};
/* End PBXNativeTarget section */

/* Begin PBXProject section */
		DC18349D276FB1B500D906BC /* Project object */ = {
			isa = PBXProject;
			attributes = {
				BuildIndependentTargetsInParallel = NO;
				LastSwiftUpdateCheck = 1320;
				LastUpgradeCheck = 1320;
				TargetAttributes = {
					DC1834A4276FB1B500D906BC = {
						CreatedOnToolsVersion = 13.2.1;
					};
					DC8DF2C0277C7F4F00D2F4F3 = {
						CreatedOnToolsVersion = 13.2.1;
					};
				};
			};
			buildConfigurationList = DC1834A0276FB1B500D906BC /* Build configuration list for PBXProject "Delay Test" */;
			compatibilityVersion = "Xcode 13.0";
			developmentRegion = en;
			hasScannedForEncodings = 0;
			knownRegions = (
				en,
				Base,
				"zh-Hans",
			);
			mainGroup = DC18349C276FB1B500D906BC;
			packageReferences = (
				DCA34A952773A32E00E1F1A3 /* XCRemoteSwiftPackageReference "MyAppStore.git" */,
				DC94B04B2777C07E00BEE246 /* XCRemoteSwiftPackageReference "Preferences.git" */,
				DCA1518F2779975A00E2F1C6 /* XCRemoteSwiftPackageReference "Defaults.git" */,
				DCA62033278A168200A7343E /* XCRemoteSwiftPackageReference "Chinese-24-Jieqi.git" */,
				DCAD4A4327D55CE50013EAE5 /* XCRemoteSwiftPackageReference "MyHost.git" */,
			);
			productRefGroup = DC1834A6276FB1B500D906BC /* Products */;
			projectDirPath = "";
			projectRoot = "";
			targets = (
				DC1834A4276FB1B500D906BC /* Delay Test */,
				DC8DF2C0277C7F4F00D2F4F3 /* Delay Test Launcher */,
			);
		};
/* End PBXProject section */

/* Begin PBXResourcesBuildPhase section */
		DC1834A3276FB1B500D906BC /* Resources */ = {
			isa = PBXResourcesBuildPhase;
			buildActionMask = 2147483647;
			files = (
				DC0074A427738D1600134077 /* Localizable.stringsdict in Resources */,
				DCA34A8B27739FC500E1F1A3 /* Localizable.strings in Resources */,
				DC1834B0276FB1B700D906BC /* Preview Assets.xcassets in Resources */,
				DCA34A912773A0CC00E1F1A3 /* Delay Test-InfoPlist.strings in Resources */,
				DCA34AA12773A43C00E1F1A3 /* Support.storyboard in Resources */,
				DC1834AD276FB1B700D906BC /* Assets.xcassets in Resources */,
			);
			runOnlyForDeploymentPostprocessing = 0;
		};
		DC8DF2BF277C7F4F00D2F4F3 /* Resources */ = {
			isa = PBXResourcesBuildPhase;
			buildActionMask = 2147483647;
			files = (
				DCD6A9B027826CBF00F1C872 /* Delay-Test-Launcher-InfoPlist.strings in Resources */,
				DC8DF2C8277C7F5100D2F4F3 /* Assets.xcassets in Resources */,
				DC8DF2CB277C7F5100D2F4F3 /* Main.storyboard in Resources */,
			);
			runOnlyForDeploymentPostprocessing = 0;
		};
/* End PBXResourcesBuildPhase section */

/* Begin PBXShellScriptBuildPhase section */
		3328EEB6EBEE42A8E6107EBC /* [CP] Embed Pods Frameworks */ = {
			isa = PBXShellScriptBuildPhase;
			buildActionMask = 2147483647;
			files = (
			);
			inputFileListPaths = (
				"${PODS_ROOT}/Target Support Files/Pods-Delay Test/Pods-Delay Test-frameworks-${CONFIGURATION}-input-files.xcfilelist",
			);
			name = "[CP] Embed Pods Frameworks";
			outputFileListPaths = (
				"${PODS_ROOT}/Target Support Files/Pods-Delay Test/Pods-Delay Test-frameworks-${CONFIGURATION}-output-files.xcfilelist",
			);
			runOnlyForDeploymentPostprocessing = 0;
			shellPath = /bin/sh;
			shellScript = "\"${PODS_ROOT}/Target Support Files/Pods-Delay Test/Pods-Delay Test-frameworks.sh\"\n";
			showEnvVarsInLog = 0;
		};
		7DD06ABFF2EDA60EBE2B5283 /* [CP] Check Pods Manifest.lock */ = {
			isa = PBXShellScriptBuildPhase;
			buildActionMask = 2147483647;
			files = (
			);
			inputFileListPaths = (
			);
			inputPaths = (
				"${PODS_PODFILE_DIR_PATH}/Podfile.lock",
				"${PODS_ROOT}/Manifest.lock",
			);
			name = "[CP] Check Pods Manifest.lock";
			outputFileListPaths = (
			);
			outputPaths = (
				"$(DERIVED_FILE_DIR)/Pods-Delay Test-checkManifestLockResult.txt",
			);
			runOnlyForDeploymentPostprocessing = 0;
			shellPath = /bin/sh;
			shellScript = "diff \"${PODS_PODFILE_DIR_PATH}/Podfile.lock\" \"${PODS_ROOT}/Manifest.lock\" > /dev/null\nif [ $? != 0 ] ; then\n    # print error to STDERR\n    echo \"error: The sandbox is not in sync with the Podfile.lock. Run 'pod install' or update your CocoaPods installation.\" >&2\n    exit 1\nfi\n# This output is used by Xcode 'outputs' to avoid re-running this script phase.\necho \"SUCCESS\" > \"${SCRIPT_OUTPUT_FILE_0}\"\n";
			showEnvVarsInLog = 0;
		};
/* End PBXShellScriptBuildPhase section */

/* Begin PBXSourcesBuildPhase section */
		DC1834A1276FB1B500D906BC /* Sources */ = {
			isa = PBXSourcesBuildPhase;
			buildActionMask = 2147483647;
			files = (
				DC2CCA6B2772ADCF00558B4F /* FrequencyStatisticItemSwiftUIView.swift in Sources */,
				DCDA4B512773BB7D001BB069 /* MouseRightClickView.swift in Sources */,
				DC8DF2D5277DC62E00D2F4F3 /* SharedDefaults.swift in Sources */,
				DC0074A12773215500134077 /* DurationStaticsticsSwiftUIView.swift in Sources */,
				DC0074AA277395C500134077 /* URLSession+Extension.swift in Sources */,
				DCA1518E2778E0E400E2F1C6 /* StatusBarSettingView.swift in Sources */,
				DCA1519327799DEB00E2F1C6 /* DefaultsKeys.swift in Sources */,
				DC1834AB276FB1B500D906BC /* ContentView.swift in Sources */,
				DC1834A9276FB1B500D906BC /* Delay_TestApp.swift in Sources */,
				DCCD4BCB277ADE1300F5EFF5 /* Service.swift in Sources */,
				DC94B04F2777C0C700BEE246 /* GeneralSettingsView.swift in Sources */,
				DC23D8B5277E6518000CF701 /* NSWindowDelegate.swift in Sources */,
				DC2CCA6D2772ADE100558B4F /* Model.swift in Sources */,
			);
			runOnlyForDeploymentPostprocessing = 0;
		};
		DC8DF2BD277C7F4F00D2F4F3 /* Sources */ = {
			isa = PBXSourcesBuildPhase;
			buildActionMask = 2147483647;
			files = (
				DC8DF2C6277C7F4F00D2F4F3 /* ViewController.swift in Sources */,
				DC8DF2C4277C7F4F00D2F4F3 /* AppDelegate.swift in Sources */,
				DC8DF2D6277DC66400D2F4F3 /* SharedDefaults.swift in Sources */,
			);
			runOnlyForDeploymentPostprocessing = 0;
		};
/* End PBXSourcesBuildPhase section */

/* Begin PBXVariantGroup section */
		DC0074A627738D1600134077 /* Localizable.stringsdict */ = {
			isa = PBXVariantGroup;
			children = (
				DC0074A527738D1600134077 /* en */,
				DCD6A9AD27826CB200F1C872 /* zh-Hans */,
			);
			name = Localizable.stringsdict;
			sourceTree = "<group>";
		};
		DC8DF2C9277C7F5100D2F4F3 /* Main.storyboard */ = {
			isa = PBXVariantGroup;
			children = (
				DC8DF2CA277C7F5100D2F4F3 /* Base */,
				DCD6A9AA27826CB200F1C872 /* zh-Hans */,
			);
			name = Main.storyboard;
			sourceTree = "<group>";
		};
		DCA34A8D27739FC500E1F1A3 /* Localizable.strings */ = {
			isa = PBXVariantGroup;
			children = (
				DCA34A8C27739FC500E1F1A3 /* en */,
				DCD6A9AC27826CB200F1C872 /* zh-Hans */,
			);
			name = Localizable.strings;
			path = "/Users/zhaoxin/com.parussoft/DelayTest/Delay Test";
			sourceTree = "<absolute>";
		};
		DCA34A932773A0CC00E1F1A3 /* Delay Test-InfoPlist.strings */ = {
			isa = PBXVariantGroup;
			children = (
				DCA34A922773A0CC00E1F1A3 /* en */,
				DCD6A9AB27826CB200F1C872 /* zh-Hans */,
			);
			name = "Delay Test-InfoPlist.strings";
			path = "/Users/zhaoxin/com.parussoft/DelayTest/Delay Test";
			sourceTree = "<absolute>";
		};
		DCD6A9AE27826CBF00F1C872 /* Delay-Test-Launcher-InfoPlist.strings */ = {
			isa = PBXVariantGroup;
			children = (
				DCD6A9AF27826CBF00F1C872 /* zh-Hans */,
			);
			name = "Delay-Test-Launcher-InfoPlist.strings";
			path = ..;
			sourceTree = "<group>";
		};
/* End PBXVariantGroup section */

/* Begin XCBuildConfiguration section */
		DC1834B2276FB1B700D906BC /* Debug */ = {
			isa = XCBuildConfiguration;
			buildSettings = {
				ALWAYS_SEARCH_USER_PATHS = NO;
				CLANG_ANALYZER_LOCALIZABILITY_NONLOCALIZED = YES;
				CLANG_ANALYZER_NONNULL = YES;
				CLANG_ANALYZER_NUMBER_OBJECT_CONVERSION = YES_AGGRESSIVE;
				CLANG_CXX_LANGUAGE_STANDARD = "gnu++17";
				CLANG_CXX_LIBRARY = "libc++";
				CLANG_ENABLE_MODULES = YES;
				CLANG_ENABLE_OBJC_ARC = YES;
				CLANG_ENABLE_OBJC_WEAK = YES;
				CLANG_WARN_BLOCK_CAPTURE_AUTORELEASING = YES;
				CLANG_WARN_BOOL_CONVERSION = YES;
				CLANG_WARN_COMMA = YES;
				CLANG_WARN_CONSTANT_CONVERSION = YES;
				CLANG_WARN_DEPRECATED_OBJC_IMPLEMENTATIONS = YES;
				CLANG_WARN_DIRECT_OBJC_ISA_USAGE = YES_ERROR;
				CLANG_WARN_DOCUMENTATION_COMMENTS = YES;
				CLANG_WARN_EMPTY_BODY = YES;
				CLANG_WARN_ENUM_CONVERSION = YES;
				CLANG_WARN_INFINITE_RECURSION = YES;
				CLANG_WARN_INT_CONVERSION = YES;
				CLANG_WARN_NON_LITERAL_NULL_CONVERSION = YES;
				CLANG_WARN_OBJC_IMPLICIT_RETAIN_SELF = YES;
				CLANG_WARN_OBJC_LITERAL_CONVERSION = YES;
				CLANG_WARN_OBJC_ROOT_CLASS = YES_ERROR;
				CLANG_WARN_QUOTED_INCLUDE_IN_FRAMEWORK_HEADER = YES;
				CLANG_WARN_RANGE_LOOP_ANALYSIS = YES;
				CLANG_WARN_STRICT_PROTOTYPES = YES;
				CLANG_WARN_SUSPICIOUS_MOVE = YES;
				CLANG_WARN_UNGUARDED_AVAILABILITY = YES_AGGRESSIVE;
				CLANG_WARN_UNREACHABLE_CODE = YES;
				CLANG_WARN__DUPLICATE_METHOD_MATCH = YES;
				COPY_PHASE_STRIP = NO;
				DEBUG_INFORMATION_FORMAT = dwarf;
				ENABLE_STRICT_OBJC_MSGSEND = YES;
				ENABLE_TESTABILITY = YES;
				GCC_C_LANGUAGE_STANDARD = gnu11;
				GCC_DYNAMIC_NO_PIC = NO;
				GCC_NO_COMMON_BLOCKS = YES;
				GCC_OPTIMIZATION_LEVEL = 0;
				GCC_PREPROCESSOR_DEFINITIONS = (
					"DEBUG=1",
					"$(inherited)",
				);
				GCC_WARN_64_TO_32_BIT_CONVERSION = YES;
				GCC_WARN_ABOUT_RETURN_TYPE = YES_ERROR;
				GCC_WARN_UNDECLARED_SELECTOR = YES;
				GCC_WARN_UNINITIALIZED_AUTOS = YES_AGGRESSIVE;
				GCC_WARN_UNUSED_FUNCTION = YES;
				GCC_WARN_UNUSED_VARIABLE = YES;
				MACOSX_DEPLOYMENT_TARGET = 11.0;
				MTL_ENABLE_DEBUG_INFO = INCLUDE_SOURCE;
				MTL_FAST_MATH = YES;
				ONLY_ACTIVE_ARCH = YES;
				SDKROOT = macosx;
				SWIFT_ACTIVE_COMPILATION_CONDITIONS = DEBUG;
				SWIFT_OPTIMIZATION_LEVEL = "-Onone";
			};
			name = Debug;
		};
		DC1834B3276FB1B700D906BC /* Release */ = {
			isa = XCBuildConfiguration;
			buildSettings = {
				ALWAYS_SEARCH_USER_PATHS = NO;
				CLANG_ANALYZER_LOCALIZABILITY_NONLOCALIZED = YES;
				CLANG_ANALYZER_NONNULL = YES;
				CLANG_ANALYZER_NUMBER_OBJECT_CONVERSION = YES_AGGRESSIVE;
				CLANG_CXX_LANGUAGE_STANDARD = "gnu++17";
				CLANG_CXX_LIBRARY = "libc++";
				CLANG_ENABLE_MODULES = YES;
				CLANG_ENABLE_OBJC_ARC = YES;
				CLANG_ENABLE_OBJC_WEAK = YES;
				CLANG_WARN_BLOCK_CAPTURE_AUTORELEASING = YES;
				CLANG_WARN_BOOL_CONVERSION = YES;
				CLANG_WARN_COMMA = YES;
				CLANG_WARN_CONSTANT_CONVERSION = YES;
				CLANG_WARN_DEPRECATED_OBJC_IMPLEMENTATIONS = YES;
				CLANG_WARN_DIRECT_OBJC_ISA_USAGE = YES_ERROR;
				CLANG_WARN_DOCUMENTATION_COMMENTS = YES;
				CLANG_WARN_EMPTY_BODY = YES;
				CLANG_WARN_ENUM_CONVERSION = YES;
				CLANG_WARN_INFINITE_RECURSION = YES;
				CLANG_WARN_INT_CONVERSION = YES;
				CLANG_WARN_NON_LITERAL_NULL_CONVERSION = YES;
				CLANG_WARN_OBJC_IMPLICIT_RETAIN_SELF = YES;
				CLANG_WARN_OBJC_LITERAL_CONVERSION = YES;
				CLANG_WARN_OBJC_ROOT_CLASS = YES_ERROR;
				CLANG_WARN_QUOTED_INCLUDE_IN_FRAMEWORK_HEADER = YES;
				CLANG_WARN_RANGE_LOOP_ANALYSIS = YES;
				CLANG_WARN_STRICT_PROTOTYPES = YES;
				CLANG_WARN_SUSPICIOUS_MOVE = YES;
				CLANG_WARN_UNGUARDED_AVAILABILITY = YES_AGGRESSIVE;
				CLANG_WARN_UNREACHABLE_CODE = YES;
				CLANG_WARN__DUPLICATE_METHOD_MATCH = YES;
				COPY_PHASE_STRIP = NO;
				DEBUG_INFORMATION_FORMAT = "dwarf-with-dsym";
				ENABLE_NS_ASSERTIONS = NO;
				ENABLE_STRICT_OBJC_MSGSEND = YES;
				GCC_C_LANGUAGE_STANDARD = gnu11;
				GCC_NO_COMMON_BLOCKS = YES;
				GCC_WARN_64_TO_32_BIT_CONVERSION = YES;
				GCC_WARN_ABOUT_RETURN_TYPE = YES_ERROR;
				GCC_WARN_UNDECLARED_SELECTOR = YES;
				GCC_WARN_UNINITIALIZED_AUTOS = YES_AGGRESSIVE;
				GCC_WARN_UNUSED_FUNCTION = YES;
				GCC_WARN_UNUSED_VARIABLE = YES;
				MACOSX_DEPLOYMENT_TARGET = 11.0;
				MTL_ENABLE_DEBUG_INFO = NO;
				MTL_FAST_MATH = YES;
				SDKROOT = macosx;
				SWIFT_COMPILATION_MODE = wholemodule;
				SWIFT_OPTIMIZATION_LEVEL = "-O";
			};
			name = Release;
		};
		DC1834B5276FB1B700D906BC /* Debug */ = {
			isa = XCBuildConfiguration;
			baseConfigurationReference = FAC5E4280508DF8A4E928D6C /* Pods-Delay Test.debug.xcconfig */;
			buildSettings = {
				ASSETCATALOG_COMPILER_APPICON_NAME = AppIcon;
				ASSETCATALOG_COMPILER_GLOBAL_ACCENT_COLOR_NAME = AccentColor;
				CODE_SIGN_ENTITLEMENTS = "Delay Test/Delay_Test.entitlements";
				CODE_SIGN_STYLE = Automatic;
				COMBINE_HIDPI_IMAGES = YES;
				CURRENT_PROJECT_VERSION = 12;
				DEVELOPMENT_ASSET_PATHS = "\"Delay Test/Preview Content\"";
				DEVELOPMENT_TEAM = 96NM39SGJ5;
				ENABLE_HARDENED_RUNTIME = YES;
				ENABLE_PREVIEWS = YES;
				GENERATE_INFOPLIST_FILE = YES;
				INFOPLIST_KEY_LSApplicationCategoryType = "public.app-category.utilities";
				INFOPLIST_KEY_NSHumanReadableCopyright = "";
				LD_RUNPATH_SEARCH_PATHS = (
					"$(inherited)",
					"@executable_path/../Frameworks",
				);
				MARKETING_VERSION = 1.1.1;
				PRODUCT_BUNDLE_IDENTIFIER = "com.parussoft.Delay-Test";
				PRODUCT_NAME = "$(TARGET_NAME)";
				SWIFT_EMIT_LOC_STRINGS = YES;
				SWIFT_VERSION = 5.0;
			};
			name = Debug;
		};
		DC1834B6276FB1B700D906BC /* Release */ = {
			isa = XCBuildConfiguration;
			baseConfigurationReference = A200E25CEE696863C16F2FE7 /* Pods-Delay Test.release.xcconfig */;
			buildSettings = {
				ASSETCATALOG_COMPILER_APPICON_NAME = AppIcon;
				ASSETCATALOG_COMPILER_GLOBAL_ACCENT_COLOR_NAME = AccentColor;
				CODE_SIGN_ENTITLEMENTS = "Delay Test/Delay_Test.entitlements";
				CODE_SIGN_STYLE = Automatic;
				COMBINE_HIDPI_IMAGES = YES;
				CURRENT_PROJECT_VERSION = 12;
				DEVELOPMENT_ASSET_PATHS = "\"Delay Test/Preview Content\"";
				DEVELOPMENT_TEAM = 96NM39SGJ5;
				ENABLE_HARDENED_RUNTIME = YES;
				ENABLE_PREVIEWS = YES;
				GENERATE_INFOPLIST_FILE = YES;
				INFOPLIST_KEY_LSApplicationCategoryType = "public.app-category.utilities";
				INFOPLIST_KEY_NSHumanReadableCopyright = "";
				LD_RUNPATH_SEARCH_PATHS = (
					"$(inherited)",
					"@executable_path/../Frameworks",
				);
				MARKETING_VERSION = 1.1.1;
				PRODUCT_BUNDLE_IDENTIFIER = "com.parussoft.Delay-Test";
				PRODUCT_NAME = "$(TARGET_NAME)";
				SWIFT_EMIT_LOC_STRINGS = YES;
				SWIFT_VERSION = 5.0;
			};
			name = Release;
		};
		DC8DF2CD277C7F5100D2F4F3 /* Debug */ = {
			isa = XCBuildConfiguration;
			buildSettings = {
				ASSETCATALOG_COMPILER_APPICON_NAME = AppIcon;
				ASSETCATALOG_COMPILER_GLOBAL_ACCENT_COLOR_NAME = AccentColor;
				CODE_SIGN_ENTITLEMENTS = "Delay Test Launcher/Delay_Test_Launcher.entitlements";
				CODE_SIGN_STYLE = Automatic;
				COMBINE_HIDPI_IMAGES = YES;
				CURRENT_PROJECT_VERSION = 12;
				DEVELOPMENT_TEAM = 96NM39SGJ5;
				ENABLE_HARDENED_RUNTIME = YES;
				GENERATE_INFOPLIST_FILE = YES;
				INFOPLIST_FILE = "Delay-Test-Launcher-Info.plist";
				INFOPLIST_KEY_LSApplicationCategoryType = "public.app-category.utilities";
				INFOPLIST_KEY_NSHumanReadableCopyright = "";
				INFOPLIST_KEY_NSMainStoryboardFile = Main;
				INFOPLIST_KEY_NSPrincipalClass = NSApplication;
				LD_RUNPATH_SEARCH_PATHS = (
					"$(inherited)",
					"@executable_path/../Frameworks",
				);
				MARKETING_VERSION = 1.1.1;
				PRODUCT_BUNDLE_IDENTIFIER = "com.parussoft.Delay-Test-Launcher";
				PRODUCT_NAME = "$(TARGET_NAME)";
				SKIP_INSTALL = YES;
				SWIFT_EMIT_LOC_STRINGS = YES;
				SWIFT_VERSION = 5.0;
			};
			name = Debug;
		};
		DC8DF2CE277C7F5100D2F4F3 /* Release */ = {
			isa = XCBuildConfiguration;
			buildSettings = {
				ASSETCATALOG_COMPILER_APPICON_NAME = AppIcon;
				ASSETCATALOG_COMPILER_GLOBAL_ACCENT_COLOR_NAME = AccentColor;
				CODE_SIGN_ENTITLEMENTS = "Delay Test Launcher/Delay_Test_Launcher.entitlements";
				CODE_SIGN_STYLE = Automatic;
				COMBINE_HIDPI_IMAGES = YES;
				CURRENT_PROJECT_VERSION = 12;
				DEVELOPMENT_TEAM = 96NM39SGJ5;
				ENABLE_HARDENED_RUNTIME = YES;
				GENERATE_INFOPLIST_FILE = YES;
				INFOPLIST_FILE = "Delay-Test-Launcher-Info.plist";
				INFOPLIST_KEY_LSApplicationCategoryType = "public.app-category.utilities";
				INFOPLIST_KEY_NSHumanReadableCopyright = "";
				INFOPLIST_KEY_NSMainStoryboardFile = Main;
				INFOPLIST_KEY_NSPrincipalClass = NSApplication;
				LD_RUNPATH_SEARCH_PATHS = (
					"$(inherited)",
					"@executable_path/../Frameworks",
				);
				MARKETING_VERSION = 1.1.1;
				PRODUCT_BUNDLE_IDENTIFIER = "com.parussoft.Delay-Test-Launcher";
				PRODUCT_NAME = "$(TARGET_NAME)";
				SKIP_INSTALL = YES;
				SWIFT_EMIT_LOC_STRINGS = YES;
				SWIFT_VERSION = 5.0;
			};
			name = Release;
		};
/* End XCBuildConfiguration section */

/* Begin XCConfigurationList section */
		DC1834A0276FB1B500D906BC /* Build configuration list for PBXProject "Delay Test" */ = {
			isa = XCConfigurationList;
			buildConfigurations = (
				DC1834B2276FB1B700D906BC /* Debug */,
				DC1834B3276FB1B700D906BC /* Release */,
			);
			defaultConfigurationIsVisible = 0;
			defaultConfigurationName = Release;
		};
		DC1834B4276FB1B700D906BC /* Build configuration list for PBXNativeTarget "Delay Test" */ = {
			isa = XCConfigurationList;
			buildConfigurations = (
				DC1834B5276FB1B700D906BC /* Debug */,
				DC1834B6276FB1B700D906BC /* Release */,
			);
			defaultConfigurationIsVisible = 0;
			defaultConfigurationName = Release;
		};
		DC8DF2CF277C7F5100D2F4F3 /* Build configuration list for PBXNativeTarget "Delay Test Launcher" */ = {
			isa = XCConfigurationList;
			buildConfigurations = (
				DC8DF2CD277C7F5100D2F4F3 /* Debug */,
				DC8DF2CE277C7F5100D2F4F3 /* Release */,
			);
			defaultConfigurationIsVisible = 0;
			defaultConfigurationName = Release;
		};
/* End XCConfigurationList section */

/* Begin XCRemoteSwiftPackageReference section */
		DC0F02802789FDB4001E33CB /* XCRemoteSwiftPackageReference "Chinese-24-Jieqi.git" */ = {
			isa = XCRemoteSwiftPackageReference;
			repositoryURL = "git@github.com:owenzhao/Chinese-24-Jieqi.git";
			requirement = {
				kind = upToNextMajorVersion;
				minimumVersion = 1.0.0;
			};
		};
		DC94B04B2777C07E00BEE246 /* XCRemoteSwiftPackageReference "Preferences.git" */ = {
			isa = XCRemoteSwiftPackageReference;
			repositoryURL = "git@github.com:sindresorhus/Preferences.git";
			requirement = {
				kind = upToNextMajorVersion;
				minimumVersion = 2.5.0;
			};
		};
		DCA1518F2779975A00E2F1C6 /* XCRemoteSwiftPackageReference "Defaults.git" */ = {
			isa = XCRemoteSwiftPackageReference;
			repositoryURL = "git@github.com:sindresorhus/Defaults.git";
			requirement = {
				kind = upToNextMajorVersion;
				minimumVersion = 6.1.0;
			};
		};
		DCA34A952773A32E00E1F1A3 /* XCRemoteSwiftPackageReference "MyAppStore.git" */ = {
			isa = XCRemoteSwiftPackageReference;
			repositoryURL = "git@github.com:owenzhao/MyAppStore.git";
			requirement = {
				kind = upToNextMajorVersion;
				minimumVersion = 1.0.0;
			};
		};
		DCA62033278A168200A7343E /* XCRemoteSwiftPackageReference "Chinese-24-Jieqi.git" */ = {
			isa = XCRemoteSwiftPackageReference;
			repositoryURL = "git@github.com:owenzhao/Chinese-24-Jieqi.git";
			requirement = {
				kind = upToNextMajorVersion;
				minimumVersion = 1.0.0;
			};
		};
		DCAD4A4327D55CE50013EAE5 /* XCRemoteSwiftPackageReference "MyHost.git" */ = {
			isa = XCRemoteSwiftPackageReference;
			repositoryURL = "git@github.com:owenzhao/MyHost.git";
			requirement = {
				kind = upToNextMajorVersion;
				minimumVersion = 1.0.9;
			};
		};
/* End XCRemoteSwiftPackageReference section */

/* Begin XCSwiftPackageProductDependency section */
		DC0F02812789FDB4001E33CB /* Chinese24Jieqi */ = {
			isa = XCSwiftPackageProductDependency;
			package = DC0F02802789FDB4001E33CB /* XCRemoteSwiftPackageReference "Chinese-24-Jieqi.git" */;
			productName = Chinese24Jieqi;
		};
		DC8DF2D2277DC4FB00D2F4F3 /* Defaults */ = {
			isa = XCSwiftPackageProductDependency;
			package = DCA1518F2779975A00E2F1C6 /* XCRemoteSwiftPackageReference "Defaults.git" */;
			productName = Defaults;
		};
		DC94B04C2777C07E00BEE246 /* Preferences */ = {
			isa = XCSwiftPackageProductDependency;
			package = DC94B04B2777C07E00BEE246 /* XCRemoteSwiftPackageReference "Preferences.git" */;
			productName = Preferences;
		};
		DCA151902779975A00E2F1C6 /* Defaults */ = {
			isa = XCSwiftPackageProductDependency;
			package = DCA1518F2779975A00E2F1C6 /* XCRemoteSwiftPackageReference "Defaults.git" */;
			productName = Defaults;
		};
		DCA34A962773A32E00E1F1A3 /* MyAppStore */ = {
			isa = XCSwiftPackageProductDependency;
			package = DCA34A952773A32E00E1F1A3 /* XCRemoteSwiftPackageReference "MyAppStore.git" */;
			productName = MyAppStore;
		};
		DCA62034278A168200A7343E /* Chinese24Jieqi */ = {
			isa = XCSwiftPackageProductDependency;
			package = DCA62033278A168200A7343E /* XCRemoteSwiftPackageReference "Chinese-24-Jieqi.git" */;
			productName = Chinese24Jieqi;
		};
		DCAD4A4427D55CE50013EAE5 /* MyHost */ = {
			isa = XCSwiftPackageProductDependency;
			package = DCAD4A4327D55CE50013EAE5 /* XCRemoteSwiftPackageReference "MyHost.git" */;
			productName = MyHost;
		};
/* End XCSwiftPackageProductDependency section */
	};
	rootObject = DC18349D276FB1B500D906BC /* Project object */;
}
