{
  "object": {
    "pins": [
      {
        "package": "Chinese24Jieqi",
        "repositoryURL": "git@github.com:owenzhao/Chinese-24-Jieqi.git",
        "state": {
          "branch": null,
          "revision": "f010e3e324531453d8e98759ff51750bf66f5da9",
          "version": "1.0.18"
        }
      },
      {
        "package": "Defaults",
        "repositoryURL": "git@github.com:sindresorhus/Defaults.git",
        "state": {
          "branch": null,
          "revision": "c9198bb1d097486711a36269b191f4e96d93130b",
          "version": "6.2.0"
        }
      },
      {
        "package": "MyAppStore",
        "repositoryURL": "git@github.com:owenzhao/MyAppStore.git",
        "state": {
          "branch": null,
          "revision": "bb77562b3dedb70392617b9c526c59717046ac68",
          "version": "1.4.6"
        }
      },
      {
        "package": "MyHost",
        "repositoryURL": "git@github.com:owenzhao/MyHost.git",
        "state": {
          "branch": null,
          "revision": "beee87abdb0770ba0b61d6bd7f79c05ce2776805",
          "version": "1.0.18"
        }
      },
      {
        "package": "Preferences",
        "repositoryURL": "git@github.com:sindresorhus/Preferences.git",
        "state": {
          "branch": null,
          "revision": "ffeaaad1def45d0625720dc1adae3789cd9c167d",
          "version": "2.5.0"
        }
      },
      {
        "package": "QRCodeKit",
        "repositoryURL": "git@github.com:owenzhao/QRCodeKit.git",
        "state": {
          "branch": null,
          "revision": "db92920d4b31aac79c4a4589ddd358006447b8ce",
          "version": "1.0.2"
        }
      },
      {
        "package": "ZIPFoundation",
        "repositoryURL": "git@github.com:weichsel/ZIPFoundation.git",
        "state": {
          "branch": null,
          "revision": "7254c74b49cec2cb81520523ba993c671f71b066",
          "version": "0.9.14"
        }
      }
    ]
  },
  "version": 1
}
